
Microsoft Visual Studio Solution File, Format Version 12.00
# Visual Studio 15
VisualStudioVersion = 15.0.27703.2035
MinimumVisualStudioVersion = 10.0.40219.1
Project("{FAE04EC0-301F-11D3-BF4B-00C04F79EFBC}") = "DemoEF", "DemoEF\DemoEF.csproj", "{343FBCCD-AB25-4822-A008-3E5B2C212898}"
EndProject
Global
	GlobalSection(SolutionConfigurationPlatforms) = preSolution
		Debug|Any CPU = Debug|Any CPU
		Release|Any CPU = Release|Any CPU
	EndGlobalSection
	GlobalSection(ProjectConfigurationPlatforms) = postSolution
		{343FBCCD-AB25-4822-A008-3E5B2C212898}.Debug|Any CPU.ActiveCfg = Debug|Any CPU
		{343FBCCD-AB25-4822-A008-3E5B2C212898}.Debug|Any CPU.Build.0 = Debug|Any CPU
		{343FBCCD-AB25-4822-A008-3E5B2C212898}.Release|Any CPU.ActiveCfg = Release|Any CPU
		{343FBCCD-AB25-4822-A008-3E5B2C212898}.Release|Any CPU.Build.0 = Release|Any CPU
	EndGlobalSection
	GlobalSection(SolutionProperties) = preSolution
		HideSolutionNode = FALSE
	EndGlobalSection
	GlobalSection(ExtensibilityGlobals) = postSolution
		SolutionGuid = {32A2DF5E-4CA6-4CD5-9992-A066ABFAB71B}
	EndGlobalSection
EndGlobal
