
Microsoft Visual Studio Solution File, Format Version 12.00
# Visual Studio 15
VisualStudioVersion = 15.0.27703.2035
MinimumVisualStudioVersion = 10.0.40219.1
Project("{FAE04EC0-301F-11D3-BF4B-00C04F79EFBC}") = "SchoolDemoMvc", "SchoolDemoMvc\SchoolDemoMvc.csproj", "{45988B5E-D499-449C-8715-213B261B8ABE}"
EndProject
Global
	GlobalSection(SolutionConfigurationPlatforms) = preSolution
		Debug|Any CPU = Debug|Any CPU
		Release|Any CPU = Release|Any CPU
	EndGlobalSection
	GlobalSection(ProjectConfigurationPlatforms) = postSolution
		{45988B5E-D499-449C-8715-213B261B8ABE}.Debug|Any CPU.ActiveCfg = Debug|Any CPU
		{45988B5E-D499-449C-8715-213B261B8ABE}.Debug|Any CPU.Build.0 = Debug|Any CPU
		{45988B5E-D499-449C-8715-213B261B8ABE}.Release|Any CPU.ActiveCfg = Release|Any CPU
		{45988B5E-D499-449C-8715-213B261B8ABE}.Release|Any CPU.Build.0 = Release|Any CPU
	EndGlobalSection
	GlobalSection(SolutionProperties) = preSolution
		HideSolutionNode = FALSE
	EndGlobalSection
	GlobalSection(ExtensibilityGlobals) = postSolution
		SolutionGuid = {CEB21C68-E84B-47F0-AC59-51EEA663CFE6}
	EndGlobalSection
EndGlobal
