
Microsoft Visual Studio Solution File, Format Version 12.00
# Visual Studio 15
VisualStudioVersion = 15.0.27703.2035
MinimumVisualStudioVersion = 10.0.40219.1
Project("{FAE04EC0-301F-11D3-BF4B-00C04F79EFBC}") = "EFDemo.UI", "EFDemo.UI\EFDemo.UI.csproj", "{943E5324-B1C7-4355-A772-024B1C2D18D7}"
EndProject
Project("{FAE04EC0-301F-11D3-BF4B-00C04F79EFBC}") = "EFDemo.Model", "EFDemo.Model\EFDemo.Model.csproj", "{E1F46F2B-11AC-4983-A14A-AEFF96DBEFCF}"
EndProject
Global
	GlobalSection(SolutionConfigurationPlatforms) = preSolution
		Debug|Any CPU = Debug|Any CPU
		Release|Any CPU = Release|Any CPU
	EndGlobalSection
	GlobalSection(ProjectConfigurationPlatforms) = postSolution
		{943E5324-B1C7-4355-A772-024B1C2D18D7}.Debug|Any CPU.ActiveCfg = Debug|Any CPU
		{943E5324-B1C7-4355-A772-024B1C2D18D7}.Debug|Any CPU.Build.0 = Debug|Any CPU
		{943E5324-B1C7-4355-A772-024B1C2D18D7}.Release|Any CPU.ActiveCfg = Release|Any CPU
		{943E5324-B1C7-4355-A772-024B1C2D18D7}.Release|Any CPU.Build.0 = Release|Any CPU
		{E1F46F2B-11AC-4983-A14A-AEFF96DBEFCF}.Debug|Any CPU.ActiveCfg = Debug|Any CPU
		{E1F46F2B-11AC-4983-A14A-AEFF96DBEFCF}.Debug|Any CPU.Build.0 = Debug|Any CPU
		{E1F46F2B-11AC-4983-A14A-AEFF96DBEFCF}.Release|Any CPU.ActiveCfg = Release|Any CPU
		{E1F46F2B-11AC-4983-A14A-AEFF96DBEFCF}.Release|Any CPU.Build.0 = Release|Any CPU
	EndGlobalSection
	GlobalSection(SolutionProperties) = preSolution
		HideSolutionNode = FALSE
	EndGlobalSection
	GlobalSection(ExtensibilityGlobals) = postSolution
		SolutionGuid = {D0E6B0A8-A154-4CD0-80CA-DB347E4FF5E4}
	EndGlobalSection
EndGlobal
